# This file is automatically @generated by Cargo.
# It is not intended for manual editing.
version = 3

[[package]]
name = "kernel"
version = "0.1.0"

[[package]]
name = "ovmf-prebuilt"
version = "0.1.0-alpha.1"
source = "registry+https://github.com/rust-lang/crates.io-index"
checksum = "fa50141d081512ab30fd9e7e7692476866df5098b028536ad6680212e717fa8d"

[[package]]
name = "qemu"
version = "0.1.0"
dependencies = [
 "kernel",
 "ovmf-prebuilt",
]
